# THIS IS AN AUTOGENERATED FILE. DO NOT EDIT THIS FILE DIRECTLY.
# yarn lockfile v1


"@types/babel-types@*", "@types/babel-types@^7.0.0":
  version "7.0.11"
  resolved "https://registry.npmjs.org/@types/babel-types/-/babel-types-7.0.11.tgz"
  integrity sha512-pkPtJUUY+Vwv6B1inAz55rQvivClHJxc9aVEPPmaq2cbyeMLCiDpbKpcKyX4LAwpNGi+SHBv0tHv6+0gXv0P2A==

"@types/babylon@^6.16.2":
  version "6.16.6"
  resolved "https://registry.npmjs.org/@types/babylon/-/babylon-6.16.6.tgz"
  integrity sha512-G4yqdVlhr6YhzLXFKy5F7HtRBU8Y23+iWy7UKthMq/OSQnL1hbsoeXESQ2LY8zEDlknipDG3nRGhUC9tkwvy/w==
  dependencies:
    "@types/babel-types" "*"

abbrev@1:
  version "1.1.1"
  resolved "https://registry.npmjs.org/abbrev/-/abbrev-1.1.1.tgz"
  integrity sha512-nne9/IiQ/hzIhY6pdDnbBtz7DjPTKrY00P/zvPSm5pOFkl6xuGrGnXn/VtTNNfNtAfZ9/1RtehkszU9qcTii0Q==

accepts@^1.2.2:
  version "1.3.5"
  resolved "https://registry.npmjs.org/accepts/-/accepts-1.3.5.tgz"
  integrity sha1-63d99gEXI6OxTopywIBcjoZ0a9I=
  dependencies:
    mime-types "~2.1.18"
    negotiator "0.6.1"

acorn-globals@^3.0.0:
  version "3.1.0"
  resolved "https://registry.npmjs.org/acorn-globals/-/acorn-globals-3.1.0.tgz"
  integrity sha512-uWttZCk96+7itPxK8xCzY86PnxKTMrReKDqrHzv42VQY0K30PUO8WY13WMOuI+cOdX4EIdzdvQ8k6jkuGRFMYw==
  dependencies:
    acorn "^4.0.4"

acorn@^3.1.0:
  version "3.3.0"
  resolved "https://registry.npmjs.org/acorn/-/acorn-3.3.0.tgz"
  integrity sha512-OLUyIIZ7mF5oaAUT1w0TFqQS81q3saT46x8t7ukpPjMNk+nbs4ZHhs7ToV8EWnLYLepjETXd4XaCE4uxkMeqUw==

acorn@^4.0.4, acorn@~4.0.2:
  version "4.0.13"
  resolved "https://registry.npmjs.org/acorn/-/acorn-4.0.13.tgz"
  integrity sha512-fu2ygVGuMmlzG8ZeRJ0bvR41nsAkxxhbyk8bZ1SS521Z7vmgJFTQQlfz/Mp/nJexGBz+v8sC9bM6+lNgskt4Ug==

align-text@^0.1.1, align-text@^0.1.3:
  version "0.1.4"
  resolved "https://registry.npmjs.org/align-text/-/align-text-0.1.4.tgz"
  integrity sha512-GrTZLRpmp6wIC2ztrWW9MjjTgSKccffgFagbNDOX95/dcjEcYZibYTeaOntySQLcdw1ztBoFkviiUvTMbb9MYg==
  dependencies:
    kind-of "^3.0.2"
    longest "^1.0.1"
    repeat-string "^1.5.2"

any-promise@^1.0.0, any-promise@^1.1.0:
  version "1.3.0"
  resolved "https://registry.npmjs.org/any-promise/-/any-promise-1.3.0.tgz"
  integrity sha1-q8av7tzqUugJzcA3au0845Y10X8=

asap@~2.0.3:
  version "2.0.6"
  resolved "https://registry.npmjs.org/asap/-/asap-2.0.6.tgz"
  integrity sha512-BSHWgDSAiKs50o2Re8ppvp3seVHXSRM44cdSsT9FfNEUUZLOGWVCsiWaRPWM1Znn+mqZ1OfVZ3z3DWEzSp7hRA==

babel-runtime@^6.26.0:
  version "6.26.0"
  resolved "https://registry.npmjs.org/babel-runtime/-/babel-runtime-6.26.0.tgz"
  integrity sha512-ITKNuq2wKlW1fJg9sSW52eepoYgZBggvOAHC0u/CYu/qxQ9EVzThCgR69BnSXLHjy2f7SY5zaQ4yt7H9ZVxY2g==
  dependencies:
    core-js "^2.4.0"
    regenerator-runtime "^0.11.0"

babel-types@^6.26.0:
  version "6.26.0"
  resolved "https://registry.npmjs.org/babel-types/-/babel-types-6.26.0.tgz"
  integrity sha512-zhe3V/26rCWsEZK8kZN+HaQj5yQ1CilTObixFzKW1UWjqG7618Twz6YEsCnjfg5gBcJh02DrpCkS9h98ZqDY+g==
  dependencies:
    babel-runtime "^6.26.0"
    esutils "^2.0.2"
    lodash "^4.17.4"
    to-fast-properties "^1.0.3"

babylon@^6.18.0:
  version "6.18.0"
  resolved "https://registry.npmjs.org/babylon/-/babylon-6.18.0.tgz"
  integrity sha512-q/UEjfGJ2Cm3oKV71DJz9d25TPnq5rhBVL2Q4fA5wcC3jcrdn7+SssEybFIxwAvvP+YCsCYNKughoF33GxgycQ==

bluebird@^3.0.5, bluebird@^3.1.1:
  version "3.5.1"
  resolved "https://registry.npmjs.org/bluebird/-/bluebird-3.5.1.tgz"
  integrity sha512-MKiLiV+I1AA596t9w1sQJ8jkiSr5+ZKi0WKrYGUn6d1Fx+Ij4tIj+m2WMQSGczs5jZVxV339chE8iwk6F64wjA==

bytes@3.0.0:
  version "3.0.0"
  resolved "https://registry.npmjs.org/bytes/-/bytes-3.0.0.tgz"
  integrity sha1-0ygVQE1olpn4Wk6k+odV3ROpYEg=

call-bind@^1.0.2:
  version "1.0.2"
  resolved "https://registry.npmjs.org/call-bind/-/call-bind-1.0.2.tgz"
  integrity sha512-7O+FbCihrB5WGbFYesctwmTKae6rOiIzmz1icreWJ+0aA7LJfuqhEso2T9ncpcFtzMQtzXf2QGGueWJGTYsqrA==
  dependencies:
    function-bind "^1.1.1"
    get-intrinsic "^1.0.2"

camelcase@^1.0.2:
  version "1.2.1"
  resolved "https://registry.npmjs.org/camelcase/-/camelcase-1.2.1.tgz"
  integrity sha512-wzLkDa4K/mzI1OSITC+DUyjgIl/ETNHE9QvYgy6J6Jvqyyz4C0Xfd+lQhb19sX2jMpZV4IssUn0VDVmglV+s4g==

center-align@^0.1.1:
  version "0.1.3"
  resolved "https://registry.npmjs.org/center-align/-/center-align-0.1.3.tgz"
  integrity sha512-Baz3aNe2gd2LP2qk5U+sDk/m4oSuwSDcBfayTCTBoWpfIGO5XFxPmjILQII4NGiZjD6DoDI6kf7gKaxkf7s3VQ==
  dependencies:
    align-text "^0.1.3"
    lazy-cache "^1.0.3"

character-parser@^2.1.1:
  version "2.2.0"
  resolved "https://registry.npmjs.org/character-parser/-/character-parser-2.2.0.tgz"
  integrity sha512-+UqJQjFEFaTAs3bNsF2j2kEN1baG/zghZbdqoYEDxGZtJo9LBzl1A+m0D4n3qKx8N2FNv8/Xp6yV9mQmBuptaw==
  dependencies:
    is-regex "^1.0.3"

clean-css@^4.1.11:
  version "4.2.4"
  resolved "https://registry.npmjs.org/clean-css/-/clean-css-4.2.4.tgz"
  integrity sha512-EJUDT7nDVFDvaQgAo2G/PJvxmp1o/c6iXLbswsBbUFXi1Nr+AjA2cKmfbKDMjMvzEe75g3P6JkaDDAKk96A85A==
  dependencies:
    source-map "~0.6.0"

cliui@^2.1.0:
  version "2.1.0"
  resolved "https://registry.npmjs.org/cliui/-/cliui-2.1.0.tgz"
  integrity sha512-GIOYRizG+TGoc7Wgc1LiOTLare95R3mzKgoln+Q/lE4ceiYH19gUpl0l0Ffq4lJDEf3FxujMe6IBfOCs7pfqNA==
  dependencies:
    center-align "^0.1.1"
    right-align "^0.1.1"
    wordwrap "0.0.2"

co-body@^5.1.0:
  version "5.1.1"
  resolved "https://registry.npmjs.org/co-body/-/co-body-5.1.1.tgz"
  integrity sha1-2XeB0eM0S6SoIP0YBr3fg0FQUjY=
  dependencies:
    inflation "^2.0.0"
    qs "^6.4.0"
    raw-body "^2.2.0"
    type-is "^1.6.14"

co@^4.6.0:
  version "4.6.0"
  resolved "https://registry.npmjs.org/co/-/co-4.6.0.tgz"
  integrity sha1-bqa989hTrlTMuOR7+gvz+QMfsYQ=

commander@^2.9.0:
  version "2.15.1"
  resolved "https://registry.npmjs.org/commander/-/commander-2.15.1.tgz"
  integrity sha512-VlfT9F3V0v+jr4yxPc5gg9s62/fIVWsd2Bk2iD435um1NlGMYdVCq+MjcXnhYq2icNOizHr1kK+5TI6H0Hy0ag==

condense-newlines@^0.2.1:
  version "0.2.1"
  resolved "https://registry.npmjs.org/condense-newlines/-/condense-newlines-0.2.1.tgz"
  integrity sha1-PemFVTE5R10yUCyDsC9gaE0kxV8=
  dependencies:
    extend-shallow "^2.0.1"
    is-whitespace "^0.3.0"
    kind-of "^3.0.2"

config-chain@~1.1.5:
  version "1.1.11"
  resolved "https://registry.npmjs.org/config-chain/-/config-chain-1.1.11.tgz"
  integrity sha1-q6CXR9++TD5w52am5BWG4YWfxvI=
  dependencies:
    ini "^1.3.4"
    proto-list "~1.2.1"

consolidate@^0.15.0:
  version "0.15.1"
  resolved "https://registry.npmjs.org/consolidate/-/consolidate-0.15.1.tgz"
  integrity sha512-DW46nrsMJgy9kqAbPt5rKaCr7uFtpo4mSUvLHIUbJEjm0vo+aY5QLwBUq3FK4tRnJr/X0Psc0C4jf/h+HtXSMw==
  dependencies:
    bluebird "^3.1.1"

constantinople@^3.0.1, constantinople@^3.1.2:
  version "3.1.2"
  resolved "https://registry.npmjs.org/constantinople/-/constantinople-3.1.2.tgz"
  integrity sha512-yePcBqEFhLOqSBtwYOGGS1exHo/s1xjekXiinh4itpNQGCu4KA1euPh1fg07N2wMITZXQkBz75Ntdt1ctGZouw==
  dependencies:
    "@types/babel-types" "^7.0.0"
    "@types/babylon" "^6.16.2"
    babel-types "^6.26.0"
    babylon "^6.18.0"

content-disposition@~0.5.0:
  version "0.5.2"
  resolved "https://registry.npmjs.org/content-disposition/-/content-disposition-0.5.2.tgz"
  integrity sha1-DPaLud318r55YcOoUXjLhdunjLQ=

content-type@^1.0.0:
  version "1.0.4"
  resolved "https://registry.npmjs.org/content-type/-/content-type-1.0.4.tgz"
  integrity sha512-hIP3EEPs8tB9AT1L+NUqtwOAps4mk2Zob89MWXMHjHWg9milF/j4osnnQLXBCBFBk/tvIG/tUc9mOUJiPBhPXA==

cookies@~0.7.0:
  version "0.7.1"
  resolved "https://registry.npmjs.org/cookies/-/cookies-0.7.1.tgz"
  integrity sha1-fIphX1SBxhq58WyDNzG8uPZjuZs=
  dependencies:
    depd "~1.1.1"
    keygrip "~1.0.2"

copy-to@^2.0.1:
  version "2.0.1"
  resolved "https://registry.npmjs.org/copy-to/-/copy-to-2.0.1.tgz"
  integrity sha1-JoD7uAaKSNCGVrYJgJK9r8kG9KU=

core-js@^2.4.0:
  version "2.6.12"
  resolved "https://registry.npmjs.org/core-js/-/core-js-2.6.12.tgz"
  integrity sha512-Kb2wC0fvsWfQrgk8HU5lW6U/Lcs8+9aaYcy4ZFc6DDlo4nZ7n70dEgE5rtR0oG6ufKDUnrwfWL1mXR5ljDatrQ==

debug@*, debug@^3.1.0:
  version "3.1.0"
  resolved "https://registry.npmjs.org/debug/-/debug-3.1.0.tgz"
  integrity sha512-OX8XqP7/1a9cqkxYw2yXss15f26NKWBpDXQd0/uK/KPqdQhxbPa994hnzjcE2VqQpDslf55723cKPUOGSmMY3g==
  dependencies:
    ms "2.0.0"

debug@^2.6.3:
  version "2.6.9"
  resolved "https://registry.npmjs.org/debug/-/debug-2.6.9.tgz"
  integrity sha512-bC7ElrdJaJnPbAP+1EotYvqZsb3ecl5wi6Bfi6BJTUcNowp6cvspg0jXznRTKDjm/E7AdgFBVeAPVMNcKGsHMA==
  dependencies:
    ms "2.0.0"

debug@^2.6.8:
  version "2.6.9"
  resolved "https://registry.npmjs.org/debug/-/debug-2.6.9.tgz"
  integrity sha512-bC7ElrdJaJnPbAP+1EotYvqZsb3ecl5wi6Bfi6BJTUcNowp6cvspg0jXznRTKDjm/E7AdgFBVeAPVMNcKGsHMA==
  dependencies:
    ms "2.0.0"

decamelize@^1.0.0:
  version "1.2.0"
  resolved "https://registry.npmjs.org/decamelize/-/decamelize-1.2.0.tgz"
  integrity sha512-z2S+W9X73hAUUki+N+9Za2lBlun89zigOyGrsax+KUQ6wKW4ZoWpEYBkGhQjwAjjDCkWxhY0VKEhk8wzY7F5cA==

deep-equal@~1.0.1:
  version "1.0.1"
  resolved "https://registry.npmjs.org/deep-equal/-/deep-equal-1.0.1.tgz"
  integrity sha1-9dJgKStmDghO/0zbyfCK0yR0SLU=

delegates@^1.0.0:
  version "1.0.0"
  resolved "https://registry.npmjs.org/delegates/-/delegates-1.0.0.tgz"
  integrity sha1-hMbhWbgZBP3KWaDvRM2HDTElD5o=

depd@^1.1.0, depd@~1.1.1, depd@~1.1.2:
  version "1.1.2"
  resolved "https://registry.npmjs.org/depd/-/depd-1.1.2.tgz"
  integrity sha1-m81S4UwJd2PnSbJ0xDRu0uVgtak=

depd@1.1.1:
  version "1.1.1"
  resolved "https://registry.npmjs.org/depd/-/depd-1.1.1.tgz"
  integrity sha1-V4O04cRZ8G+lyif5kfPQbnoxA1k=

destroy@^1.0.3:
  version "1.0.4"
  resolved "https://registry.npmjs.org/destroy/-/destroy-1.0.4.tgz"
  integrity sha1-l4hXRCxEdJ5CBmE+N5RiBYJqvYA=

doctypes@^1.1.0:
  version "1.1.0"
  resolved "https://registry.npmjs.org/doctypes/-/doctypes-1.1.0.tgz"
  integrity sha512-LLBi6pEqS6Do3EKQ3J0NqHWV5hhb78Pi8vvESYwyOy2c31ZEZVdtitdzsQsKb7878PEERhzUk0ftqGhG6Mz+pQ==

editorconfig@^0.13.2:
  version "0.13.3"
  resolved "https://registry.npmjs.org/editorconfig/-/editorconfig-0.13.3.tgz"
  integrity sha512-WkjsUNVCu+ITKDj73QDvi0trvpdDWdkDyHybDGSXPfekLCqwmpD7CP7iPbvBgosNuLcI96XTDwNa75JyFl7tEQ==
  dependencies:
    bluebird "^3.0.5"
    commander "^2.9.0"
    lru-cache "^3.2.0"
    semver "^5.1.0"
    sigmund "^1.0.1"

ee-first@1.1.1:
  version "1.1.1"
  resolved "https://registry.npmjs.org/ee-first/-/ee-first-1.1.1.tgz"
  integrity sha1-WQxhFWsK4vTwJVcyoViyZrxWsh0=

error-inject@~1.0.0:
  version "1.0.0"
  resolved "https://registry.npmjs.org/error-inject/-/error-inject-1.0.0.tgz"
  integrity sha1-4rPZG1Su1nLzCdlQ0VSFD6EdTzc=

escape-html@~1.0.1:
  version "1.0.3"
  resolved "https://registry.npmjs.org/escape-html/-/escape-html-1.0.3.tgz"
  integrity sha1-Aljq5NPQwJdN4cFpGI7wBR0dGYg=

esutils@^2.0.2:
  version "2.0.3"
  resolved "https://registry.npmjs.org/esutils/-/esutils-2.0.3.tgz"
  integrity sha512-kVscqXk4OCp68SZ0dkgEKVi6/8ij300KBWTJq32P/dYeWTSwK41WyTxalN1eRmA5Z9UU/LX9D7FWSmV9SAYx6g==

extend-shallow@^2.0.1:
  version "2.0.1"
  resolved "https://registry.npmjs.org/extend-shallow/-/extend-shallow-2.0.1.tgz"
  integrity sha1-Ua99YUrZqfYQ6huvu5idaxxWiQ8=
  dependencies:
    is-extendable "^0.1.0"

fresh@^0.5.2:
  version "0.5.2"
  resolved "https://registry.npmjs.org/fresh/-/fresh-0.5.2.tgz"
  integrity sha1-PYyt2Q2XZWn6g1qx+OSyOhBWBac=

fs-extra@^4.0.2:
  version "4.0.3"
  resolved "https://registry.npmjs.org/fs-extra/-/fs-extra-4.0.3.tgz"
  integrity sha512-q6rbdDd1o2mAnQreO7YADIxf/Whx4AHBiRf6d+/cVT8h44ss+lHgxf1FemcqDnQt9X3ct4McHr+JMGlYSsK7Cg==
  dependencies:
    graceful-fs "^4.1.2"
    jsonfile "^4.0.0"
    universalify "^0.1.0"

function-bind@^1.1.1:
  version "1.1.1"
  resolved "https://registry.npmjs.org/function-bind/-/function-bind-1.1.1.tgz"
  integrity sha512-yIovAzMX49sF8Yl58fSCWJ5svSLuaibPxXQJFLmBObTuCr0Mf1KiPopGM9NiFjiYBCbfaa2Fh6breQ6ANVTI0A==

get-intrinsic@^1.0.2:
  version "1.2.1"
  resolved "https://registry.npmjs.org/get-intrinsic/-/get-intrinsic-1.2.1.tgz"
  integrity sha512-2DcsyfABl+gVHEfCOaTrWgyt+tb6MSEGmKq+kI5HwLbIYgjgmMcV8KQ41uaKz1xxUcn9tJtgFbQUEVcEbd0FYw==
  dependencies:
    function-bind "^1.1.1"
    has "^1.0.3"
    has-proto "^1.0.1"
    has-symbols "^1.0.3"

get-paths@^0.0.2:
  version "0.0.2"
  resolved "https://registry.npmjs.org/get-paths/-/get-paths-0.0.2.tgz"
  integrity sha512-cB/Yr1D8Ug9IzBqor1maxVCOtcaQgUBZpZtq6Mf9RKkyRe6ohEdgx/zMLcPcOaXaegxNIt2vSij8YcuZGF3tXA==
  dependencies:
    fs-extra "^4.0.2"

graceful-fs@^4.1.2, graceful-fs@^4.1.6:
  version "4.1.11"
  resolved "https://registry.npmjs.org/graceful-fs/-/graceful-fs-4.1.11.tgz"
  integrity sha1-Dovf5NHduIVNZOBOp8AOKgJuVlg=

has-proto@^1.0.1:
  version "1.0.1"
  resolved "https://registry.npmjs.org/has-proto/-/has-proto-1.0.1.tgz"
  integrity sha512-7qE+iP+O+bgF9clE5+UoBFzE65mlBiVj3tKCrlNQ0Ogwm0BjpT/gK4SlLYDMybDh5I3TCTKnPPa0oMG7JDYrhg==

has-symbols@^1.0.2, has-symbols@^1.0.3:
  version "1.0.3"
  resolved "https://registry.npmjs.org/has-symbols/-/has-symbols-1.0.3.tgz"
  integrity sha512-l3LCuF6MgDNwTDKkdYGEihYjt5pRPbEg46rtlmnSPlUbgmB8LOIrKJbYYFBSbnPaJexMKtiPO8hmeRjRz2Td+A==

has-tostringtag@^1.0.0:
  version "1.0.0"
  resolved "https://registry.npmjs.org/has-tostringtag/-/has-tostringtag-1.0.0.tgz"
  integrity sha512-kFjcSNhnlGV1kyoGk7OXKSawH5JOb/LzUc5w9B02hOTO0dfFRjbHQKvg1d6cf3HbeUmtU9VbbV3qzZ2Teh97WQ==
  dependencies:
    has-symbols "^1.0.2"

has@^1.0.3:
  version "1.0.3"
  resolved "https://registry.npmjs.org/has/-/has-1.0.3.tgz"
  integrity sha512-f2dvO0VU6Oej7RkWJGrehjbzMAjFp5/VKPp5tTpWIV4JHHZK1/BxbFRtf/siA2SWTe09caDmVtYYzWEIbBS4zw==
  dependencies:
    function-bind "^1.1.1"

http-assert@^1.1.0:
  version "1.3.0"
  resolved "https://registry.npmjs.org/http-assert/-/http-assert-1.3.0.tgz"
  integrity sha1-oxpc+IyHPsu1eWkH1NbxMujAHko=
  dependencies:
    deep-equal "~1.0.1"
    http-errors "~1.6.1"

http-errors@^1.2.8, http-errors@^1.3.1, http-errors@^1.6.1, http-errors@~1.6.1, http-errors@~1.6.2:
  version "1.6.3"
  resolved "https://registry.npmjs.org/http-errors/-/http-errors-1.6.3.tgz"
  integrity sha1-i1VoC7S+KDoLW/TqLjhYC+HZMg0=
  dependencies:
    depd "~1.1.2"
    inherits "2.0.3"
    setprototypeof "1.1.0"
    statuses ">= 1.4.0 < 2"

http-errors@1.6.2:
  version "1.6.2"
  resolved "https://registry.npmjs.org/http-errors/-/http-errors-1.6.2.tgz"
  integrity sha1-CgAsyFcHGSp+eUbO7cERVfYOxzY=
  dependencies:
    depd "1.1.1"
    inherits "2.0.3"
    setprototypeof "1.0.3"
    statuses ">= 1.3.1 < 2"

iconv-lite@0.4.19:
  version "0.4.19"
  resolved "https://registry.npmjs.org/iconv-lite/-/iconv-lite-0.4.19.tgz"
  integrity sha512-oTZqweIP51xaGPI4uPa56/Pri/480R+mo7SeU+YETByQNhDG55ycFyNLIgta9vXhILrxXDmF7ZGhqZIcuN0gJQ==

inflation@^2.0.0:
  version "2.0.0"
  resolved "https://registry.npmjs.org/inflation/-/inflation-2.0.0.tgz"
  integrity sha1-i0F+R8KPklpFEz2RTKH9OJEH8w8=

inherits@2.0.3:
  version "2.0.3"
  resolved "https://registry.npmjs.org/inherits/-/inherits-2.0.3.tgz"
  integrity sha1-Yzwsg+PaQqUC9SRmAiSA9CCCYd4=

ini@^1.3.4:
  version "1.3.5"
  resolved "https://registry.npmjs.org/ini/-/ini-1.3.5.tgz"
  integrity sha512-RZY5huIKCMRWDUqZlEi72f/lmXKMvuszcMBduliQ3nnWbx9X/ZBQO7DijMEYS9EhHBb2qacRUMtC7svLwe0lcw==

is-buffer@^1.1.5:
  version "1.1.6"
  resolved "https://registry.npmjs.org/is-buffer/-/is-buffer-1.1.6.tgz"
  integrity sha512-NcdALwpXkTm5Zvvbk7owOUSvVvBKDgKP5/ewfXEznmQFfs4ZRmanOeKBTjRVjka3QFoN6XJ+9F3USqfHqTaU5w==

is-core-module@^2.11.0:
  version "2.12.1"
  resolved "https://registry.npmjs.org/is-core-module/-/is-core-module-2.12.1.tgz"
  integrity sha512-Q4ZuBAe2FUsKtyQJoQHlvP8OvBERxO3jEmy1I7hcRXcJBGGHFh/aJBswbXuS9sgrDH2QUO8ilkwNPHvHMd8clg==
  dependencies:
    has "^1.0.3"

is-expression@^3.0.0:
  version "3.0.0"
  resolved "https://registry.npmjs.org/is-expression/-/is-expression-3.0.0.tgz"
  integrity sha512-vyMeQMq+AiH5uUnoBfMTwf18tO3bM6k1QXBE9D6ueAAquEfCZe3AJPtud9g6qS0+4X8xA7ndpZiDyeb2l2qOBw==
  dependencies:
    acorn "~4.0.2"
    object-assign "^4.0.1"

is-extendable@^0.1.0:
  version "0.1.1"
  resolved "https://registry.npmjs.org/is-extendable/-/is-extendable-0.1.1.tgz"
  integrity sha1-YrEQ4omkcUGOPsNqYX1HLjAd/Ik=

is-generator-function@^1.0.3:
  version "1.0.7"
  resolved "https://registry.npmjs.org/is-generator-function/-/is-generator-function-1.0.7.tgz"
  integrity sha512-YZc5EwyO4f2kWCax7oegfuSr9mFz1ZvieNYBEjmukLxgXfBUbxAWGVF7GZf0zidYtoBl3WvC07YK0wT76a+Rtw==

is-promise@^2.0.0:
  version "2.2.2"
  resolved "https://registry.npmjs.org/is-promise/-/is-promise-2.2.2.tgz"
  integrity sha512-+lP4/6lKUBfQjZ2pdxThZvLUAafmZb8OAxFb8XXtiQmS35INgr85hdOGoEs124ez1FCnZJt6jau/T+alh58QFQ==

is-regex@^1.0.3:
  version "1.1.4"
  resolved "https://registry.npmjs.org/is-regex/-/is-regex-1.1.4.tgz"
  integrity sha512-kvRdxDsxZjhzUX07ZnLydzS1TU/TJlTUHHY4YLL87e37oUA49DfkLqgy+VjFocowy29cKvcSiu+kIv728jTTVg==
  dependencies:
    call-bind "^1.0.2"
    has-tostringtag "^1.0.0"

is-whitespace@^0.3.0:
  version "0.3.0"
  resolved "https://registry.npmjs.org/is-whitespace/-/is-whitespace-0.3.0.tgz"
  integrity sha1-Fjnssb4DauxppUy7QBz77XEUq38=

isarray@0.0.1:
  version "0.0.1"
  resolved "https://registry.npmjs.org/isarray/-/isarray-0.0.1.tgz"
  integrity sha1-ihis/Kmo9Bd+Cav8YDiTmwXR7t8=

js-beautify@^1.6.12:
  version "1.7.5"
  resolved "https://registry.npmjs.org/js-beautify/-/js-beautify-1.7.5.tgz"
  integrity sha512-9OhfAqGOrD7hoQBLJMTA+BKuKmoEtTJXzZ7WDF/9gvjtey1koVLuZqIY6c51aPDjbNdNtIXAkiWKVhziawE9Og==
  dependencies:
    config-chain "~1.1.5"
    editorconfig "^0.13.2"
    mkdirp "~0.5.0"
    nopt "~3.0.1"

js-stringify@^1.0.1:
  version "1.0.2"
  resolved "https://registry.npmjs.org/js-stringify/-/js-stringify-1.0.2.tgz"
  integrity sha512-rtS5ATOo2Q5k1G+DADISilDA6lv79zIiwFd6CcjuIxGKLFm5C+RLImRscVap9k55i+MOZwgliw+NejvkLuGD5g==

jsonfile@^4.0.0:
  version "4.0.0"
  resolved "https://registry.npmjs.org/jsonfile/-/jsonfile-4.0.0.tgz"
  integrity sha1-h3Gq4HmbZAdrdmQPygWPnBDjPss=
  optionalDependencies:
    graceful-fs "^4.1.6"

jstransformer@1.0.0:
  version "1.0.0"
  resolved "https://registry.npmjs.org/jstransformer/-/jstransformer-1.0.0.tgz"
  integrity sha512-C9YK3Rf8q6VAPDCCU9fnqo3mAfOH6vUGnMcP4AQAYIEpWtfGLpwOTmZ+igtdK5y+VvI2n3CyYSzy4Qh34eq24A==
  dependencies:
    is-promise "^2.0.0"
    promise "^7.0.1"

keygrip@~1.0.2:
  version "1.0.2"
  resolved "https://registry.npmjs.org/keygrip/-/keygrip-1.0.2.tgz"
  integrity sha1-rTKXxVcGneqLz+ek+kkbdcXd65E=

kind-of@^3.0.2:
  version "3.2.2"
  resolved "https://registry.npmjs.org/kind-of/-/kind-of-3.2.2.tgz"
  integrity sha1-MeohpzS6ubuw8yRm2JOupR5KPGQ=
  dependencies:
    is-buffer "^1.1.5"

koa-bodyparser@^4.2.0:
  version "4.2.0"
  resolved "https://registry.npmjs.org/koa-bodyparser/-/koa-bodyparser-4.2.0.tgz"
  integrity sha1-vObgi8Zfhwm20fqpQRx/DYk4qlQ=
  dependencies:
    co-body "^5.1.0"
    copy-to "^2.0.1"

koa-compose@^3.0.0:
  version "3.2.1"
  resolved "https://registry.npmjs.org/koa-compose/-/koa-compose-3.2.1.tgz"
  integrity sha1-qFzLQLfZhtjlo0Wzoazo6rz1Tec=
  dependencies:
    any-promise "^1.1.0"

koa-compose@^4.0.0:
  version "4.0.0"
  resolved "https://registry.npmjs.org/koa-compose/-/koa-compose-4.0.0.tgz"
  integrity sha1-KAClE9nDYe8NY4UrA45Pby1adzw=

koa-convert@^1.2.0:
  version "1.2.0"
  resolved "https://registry.npmjs.org/koa-convert/-/koa-convert-1.2.0.tgz"
  integrity sha1-2kCHXfSd4FOQmNFwC1CCDOvNIdA=
  dependencies:
    co "^4.6.0"
    koa-compose "^3.0.0"

koa-is-json@^1.0.0:
  version "1.0.0"
  resolved "https://registry.npmjs.org/koa-is-json/-/koa-is-json-1.0.0.tgz"
  integrity sha1-JzwH7c3Ljfaiwat9We52SRRR7BQ=

koa-router@^7.4.0:
  version "7.4.0"
  resolved "https://registry.npmjs.org/koa-router/-/koa-router-7.4.0.tgz"
  integrity sha512-IWhaDXeAnfDBEpWS6hkGdZ1ablgr6Q6pGdXCyK38RbzuH4LkUOpPqPw+3f8l8aTDrQmBQ7xJc0bs2yV4dzcO+g==
  dependencies:
    debug "^3.1.0"
    http-errors "^1.3.1"
    koa-compose "^3.0.0"
    methods "^1.0.1"
    path-to-regexp "^1.1.1"
    urijs "^1.19.0"

koa-send@^4.0.0, koa-send@^4.1.0:
  version "4.1.3"
  resolved "https://registry.npmjs.org/koa-send/-/koa-send-4.1.3.tgz"
  integrity sha512-3UetMBdaXSiw24qM2Mx5mKmxLKw5ZTPRjACjfhK6Haca55RKm9hr/uHDrkrxhSl5/S1CKI/RivZVIopiatZuTA==
  dependencies:
    debug "^2.6.3"
    http-errors "^1.6.1"
    mz "^2.6.0"
    resolve-path "^1.4.0"

koa-static@^4.0.2:
  version "4.0.2"
  resolved "https://registry.npmjs.org/koa-static/-/koa-static-4.0.2.tgz"
  integrity sha512-tKaDVRz3lgPfdFhiYe3jNQnlSVf0AnOv7ZJqQYHkT4/kPan6b59HSmotNm2Qjl2JDlCli4xKVOMHui+fZLwNRg==
  dependencies:
    debug "^2.6.8"
    koa-send "^4.1.0"

koa-views@^6.1.4:
  version "6.1.4"
  resolved "https://registry.npmjs.org/koa-views/-/koa-views-6.1.4.tgz"
  integrity sha512-se1YqI2zlUT6AHfm4vL/Q1ymeTBg7g9gv8YYlSfKG+j0cwQy/qljYLmihnZZ4dB7kGIL3KvJWZfNNaQiIq7qcw==
  dependencies:
    consolidate "^0.15.0"
    debug "^3.1.0"
    get-paths "^0.0.2"
    koa-send "^4.0.0"
    mz "^2.4.0"
    pretty "^2.0.0"

koa@^2.5.0:
  version "2.5.0"
  resolved "https://registry.npmjs.org/koa/-/koa-2.5.0.tgz"
  integrity sha512-UkrbMW2mRNfoW/4I20knJEjtPAWCV3Iw6f4XdnPWjHsCN8iTeSh0eSutrYdL0fGF/G9on2eQ30EEQif0MarGJA==
  dependencies:
    accepts "^1.2.2"
    content-disposition "~0.5.0"
    content-type "^1.0.0"
    cookies "~0.7.0"
    debug "*"
    delegates "^1.0.0"
    depd "^1.1.0"
    destroy "^1.0.3"
    error-inject "~1.0.0"
    escape-html "~1.0.1"
    fresh "^0.5.2"
    http-assert "^1.1.0"
    http-errors "^1.2.8"
    is-generator-function "^1.0.3"
    koa-compose "^4.0.0"
    koa-convert "^1.2.0"
    koa-is-json "^1.0.0"
    mime-types "^2.0.7"
    on-finished "^2.1.0"
    only "0.0.2"
    parseurl "^1.3.0"
    statuses "^1.2.0"
    type-is "^1.5.5"
    vary "^1.0.0"

lazy-cache@^1.0.3:
  version "1.0.4"
  resolved "https://registry.npmjs.org/lazy-cache/-/lazy-cache-1.0.4.tgz"
  integrity sha512-RE2g0b5VGZsOCFOCgP7omTRYFqydmZkBwl5oNnQ1lDYC57uyO9KqNnNVxT7COSHTxrRCWVcAVOcbjk+tvh/rgQ==

lodash@^4.17.4:
  version "4.17.21"
  resolved "https://registry.npmjs.org/lodash/-/lodash-4.17.21.tgz"
  integrity sha512-v2kDEe57lecTulaDIuNTPy3Ry4gLGJ6Z1O3vE1krgXZNrsQ+LFTGHVxVjcXPs17LhbZVGedAJv8XZ1tvj5FvSg==

longest@^1.0.1:
  version "1.0.1"
  resolved "https://registry.npmjs.org/longest/-/longest-1.0.1.tgz"
  integrity sha512-k+yt5n3l48JU4k8ftnKG6V7u32wyH2NfKzeMto9F/QRE0amxy/LayxwlvjjkZEIzqR+19IrtFO8p5kB9QaYUFg==

lru-cache@^3.2.0:
  version "3.2.0"
  resolved "https://registry.npmjs.org/lru-cache/-/lru-cache-3.2.0.tgz"
  integrity sha1-cXibO39Tmb7IVl3aOKow0qCX7+4=
  dependencies:
    pseudomap "^1.0.1"

media-typer@0.3.0:
  version "0.3.0"
  resolved "https://registry.npmjs.org/media-typer/-/media-typer-0.3.0.tgz"
  integrity sha1-hxDXrwqmJvj/+hzgAWhUUmMlV0g=

methods@^1.0.1:
  version "1.1.2"
  resolved "https://registry.npmjs.org/methods/-/methods-1.1.2.tgz"
  integrity sha1-VSmk1nZUE07cxSZmVoNbD4Ua/O4=

mime-db@~1.33.0:
  version "1.33.0"
  resolved "https://registry.npmjs.org/mime-db/-/mime-db-1.33.0.tgz"
  integrity sha512-BHJ/EKruNIqJf/QahvxwQZXKygOQ256myeN/Ew+THcAa5q+PjyTTMMeNQC4DZw5AwfvelsUrA6B67NKMqXDbzQ==

mime-types@^2.0.7, mime-types@~2.1.18:
  version "2.1.18"
  resolved "https://registry.npmjs.org/mime-types/-/mime-types-2.1.18.tgz"
  integrity sha512-lc/aahn+t4/SWV/qcmumYjymLsWfN3ELhpmVuUFjgsORruuZPVSwAQryq+HHGvO/SI2KVX26bx+En+zhM8g8hQ==
  dependencies:
    mime-db "~1.33.0"

minimist@0.0.8:
  version "0.0.8"
  resolved "https://registry.npmjs.org/minimist/-/minimist-0.0.8.tgz"
  integrity sha1-hX/Kv8M5fSYluCKCYuhqp6ARsF0=

mkdirp@~0.5.0:
  version "0.5.1"
  resolved "https://registry.npmjs.org/mkdirp/-/mkdirp-0.5.1.tgz"
  integrity sha1-MAV0OOrGz3+MR2fzhkjWaX11yQM=
  dependencies:
    minimist "0.0.8"

ms@2.0.0:
  version "2.0.0"
  resolved "https://registry.npmjs.org/ms/-/ms-2.0.0.tgz"
  integrity sha1-VgiurfwAvmwpAd9fmGF4jeDVl8g=

mz@^2.4.0, mz@^2.6.0:
  version "2.7.0"
  resolved "https://registry.npmjs.org/mz/-/mz-2.7.0.tgz"
  integrity sha512-z81GNO7nnYMEhrGh9LeymoE4+Yr0Wn5McHIZMK5cfQCl+NDX08sCZgUc9/6MHni9IWuFLm1Z3HTCXu2z9fN62Q==
  dependencies:
    any-promise "^1.0.0"
    object-assign "^4.0.1"
    thenify-all "^1.0.0"

negotiator@0.6.1:
  version "0.6.1"
  resolved "https://registry.npmjs.org/negotiator/-/negotiator-0.6.1.tgz"
  integrity sha1-KzJxhOiZIQEXeyhWP7XnECrNDKk=

nopt@~3.0.1:
  version "3.0.6"
  resolved "https://registry.npmjs.org/nopt/-/nopt-3.0.6.tgz"
  integrity sha1-xkZdvwirzU2zWTF/eaxopkayj/k=
  dependencies:
    abbrev "1"

object-assign@^4.0.1, object-assign@^4.1.0:
  version "4.1.1"
  resolved "https://registry.npmjs.org/object-assign/-/object-assign-4.1.1.tgz"
  integrity sha1-IQmtx5ZYh8/AXLvUQsrIv7s2CGM=

on-finished@^2.1.0:
  version "2.3.0"
  resolved "https://registry.npmjs.org/on-finished/-/on-finished-2.3.0.tgz"
  integrity sha1-IPEzZIGwg811M3mSoWlxqi2QaUc=
  dependencies:
    ee-first "1.1.1"

only@0.0.2:
  version "0.0.2"
  resolved "https://registry.npmjs.org/only/-/only-0.0.2.tgz"
  integrity sha1-Kv3oTQPlC5qO3EROMGEKcCle37Q=

parseurl@^1.3.0:
  version "1.3.2"
  resolved "https://registry.npmjs.org/parseurl/-/parseurl-1.3.2.tgz"
  integrity sha1-/CidTtiZMRlGDBViUyYs3I3mW/M=

path-is-absolute@1.0.1:
  version "1.0.1"
  resolved "https://registry.npmjs.org/path-is-absolute/-/path-is-absolute-1.0.1.tgz"
  integrity sha1-F0uSaHNVNP+8es5r9TpanhtcX18=

path-parse@^1.0.7:
  version "1.0.7"
  resolved "https://registry.npmjs.org/path-parse/-/path-parse-1.0.7.tgz"
  integrity sha512-LDJzPVEEEPR+y48z93A0Ed0yXb8pAByGWo/k5YYdYgpY2/2EsOsksJrq7lOHxryrVOn1ejG6oAp8ahvOIQD8sw==

path-to-regexp@^1.1.1:
  version "1.7.0"
  resolved "https://registry.npmjs.org/path-to-regexp/-/path-to-regexp-1.7.0.tgz"
  integrity sha1-Wf3g9DW62suhA6hOnTvGTpa5k30=
  dependencies:
    isarray "0.0.1"

pretty@^2.0.0:
  version "2.0.0"
  resolved "https://registry.npmjs.org/pretty/-/pretty-2.0.0.tgz"
  integrity sha1-rbx5YLe7/iiaVX3F9zdhmiINBqU=
  dependencies:
    condense-newlines "^0.2.1"
    extend-shallow "^2.0.1"
    js-beautify "^1.6.12"

promise@^7.0.1:
  version "7.3.1"
  resolved "https://registry.npmjs.org/promise/-/promise-7.3.1.tgz"
  integrity sha512-nolQXZ/4L+bP/UGlkfaIujX9BKxGwmQ9OT4mOt5yvy8iK1h3wqTEJCijzGANTCCl9nWjY41juyAn2K3Q1hLLTg==
  dependencies:
    asap "~2.0.3"

proto-list@~1.2.1:
  version "1.2.4"
  resolved "https://registry.npmjs.org/proto-list/-/proto-list-1.2.4.tgz"
  integrity sha1-IS1b/hMYMGpCD2QCuOJv85ZHqEk=

pseudomap@^1.0.1:
  version "1.0.2"
  resolved "https://registry.npmjs.org/pseudomap/-/pseudomap-1.0.2.tgz"
  integrity sha1-8FKijacOYYkX7wqKw0wa5aaChrM=

pug-attrs@^2.0.4:
  version "2.0.4"
  resolved "https://registry.npmjs.org/pug-attrs/-/pug-attrs-2.0.4.tgz"
  integrity sha512-TaZ4Z2TWUPDJcV3wjU3RtUXMrd3kM4Wzjbe3EWnSsZPsJ3LDI0F3yCnf2/W7PPFF+edUFQ0HgDL1IoxSz5K8EQ==
  dependencies:
    constantinople "^3.0.1"
    js-stringify "^1.0.1"
    pug-runtime "^2.0.5"

pug-code-gen@^2.0.2:
  version "2.0.3"
  resolved "https://registry.npmjs.org/pug-code-gen/-/pug-code-gen-2.0.3.tgz"
  integrity sha512-r9sezXdDuZJfW9J91TN/2LFbiqDhmltTFmGpHTsGdrNGp3p4SxAjjXEfnuK2e4ywYsRIVP0NeLbSAMHUcaX1EA==
  dependencies:
    constantinople "^3.1.2"
    doctypes "^1.1.0"
    js-stringify "^1.0.1"
    pug-attrs "^2.0.4"
    pug-error "^1.3.3"
    pug-runtime "^2.0.5"
    void-elements "^2.0.1"
    with "^5.0.0"

pug-error@^1.3.3:
  version "1.3.3"
  resolved "https://registry.npmjs.org/pug-error/-/pug-error-1.3.3.tgz"
  integrity sha512-qE3YhESP2mRAWMFJgKdtT5D7ckThRScXRwkfo+Erqga7dyJdY3ZquspprMCj/9sJ2ijm5hXFWQE/A3l4poMWiQ==

pug-filters@^3.1.1:
  version "3.1.1"
  resolved "https://registry.npmjs.org/pug-filters/-/pug-filters-3.1.1.tgz"
  integrity sha512-lFfjNyGEyVWC4BwX0WyvkoWLapI5xHSM3xZJFUhx4JM4XyyRdO8Aucc6pCygnqV2uSgJFaJWW3Ft1wCWSoQkQg==
  dependencies:
    clean-css "^4.1.11"
    constantinople "^3.0.1"
    jstransformer "1.0.0"
    pug-error "^1.3.3"
    pug-walk "^1.1.8"
    resolve "^1.1.6"
    uglify-js "^2.6.1"

pug-lexer@^4.1.0:
  version "4.1.0"
  resolved "https://registry.npmjs.org/pug-lexer/-/pug-lexer-4.1.0.tgz"
  integrity sha512-i55yzEBtjm0mlplW4LoANq7k3S8gDdfC6+LThGEvsK4FuobcKfDAwt6V4jKPH9RtiE3a2Akfg5UpafZ1OksaPA==
  dependencies:
    character-parser "^2.1.1"
    is-expression "^3.0.0"
    pug-error "^1.3.3"

pug-linker@^3.0.6:
  version "3.0.6"
  resolved "https://registry.npmjs.org/pug-linker/-/pug-linker-3.0.6.tgz"
  integrity sha512-bagfuHttfQOpANGy1Y6NJ+0mNb7dD2MswFG2ZKj22s8g0wVsojpRlqveEQHmgXXcfROB2RT6oqbPYr9EN2ZWzg==
  dependencies:
    pug-error "^1.3.3"
    pug-walk "^1.1.8"

pug-load@^2.0.12:
  version "2.0.12"
  resolved "https://registry.npmjs.org/pug-load/-/pug-load-2.0.12.tgz"
  integrity sha512-UqpgGpyyXRYgJs/X60sE6SIf8UBsmcHYKNaOccyVLEuT6OPBIMo6xMPhoJnqtB3Q3BbO4Z3Bjz5qDsUWh4rXsg==
  dependencies:
    object-assign "^4.1.0"
    pug-walk "^1.1.8"

pug-parser@^5.0.1:
  version "5.0.1"
  resolved "https://registry.npmjs.org/pug-parser/-/pug-parser-5.0.1.tgz"
  integrity sha512-nGHqK+w07p5/PsPIyzkTQfzlYfuqoiGjaoqHv1LjOv2ZLXmGX1O+4Vcvps+P4LhxZ3drYSljjq4b+Naid126wA==
  dependencies:
    pug-error "^1.3.3"
    token-stream "0.0.1"

pug-runtime@^2.0.5:
  version "2.0.5"
  resolved "https://registry.npmjs.org/pug-runtime/-/pug-runtime-2.0.5.tgz"
  integrity sha512-P+rXKn9un4fQY77wtpcuFyvFaBww7/91f3jHa154qU26qFAnOe6SW1CbIDcxiG5lLK9HazYrMCCuDvNgDQNptw==

pug-strip-comments@^1.0.4:
  version "1.0.4"
  resolved "https://registry.npmjs.org/pug-strip-comments/-/pug-strip-comments-1.0.4.tgz"
  integrity sha512-i5j/9CS4yFhSxHp5iKPHwigaig/VV9g+FgReLJWWHEHbvKsbqL0oP/K5ubuLco6Wu3Kan5p7u7qk8A4oLLh6vw==
  dependencies:
    pug-error "^1.3.3"

pug-walk@^1.1.8:
  version "1.1.8"
  resolved "https://registry.npmjs.org/pug-walk/-/pug-walk-1.1.8.tgz"
  integrity sha512-GMu3M5nUL3fju4/egXwZO0XLi6fW/K3T3VTgFQ14GxNi8btlxgT5qZL//JwZFm/2Fa64J/PNS8AZeys3wiMkVA==

pug@^2.0.4:
  version "2.0.4"
  resolved "https://registry.npmjs.org/pug/-/pug-2.0.4.tgz"
  integrity sha512-XhoaDlvi6NIzL49nu094R2NA6P37ijtgMDuWE+ofekDChvfKnzFal60bhSdiy8y2PBO6fmz3oMEIcfpBVRUdvw==
  dependencies:
    pug-code-gen "^2.0.2"
    pug-filters "^3.1.1"
    pug-lexer "^4.1.0"
    pug-linker "^3.0.6"
    pug-load "^2.0.12"
    pug-parser "^5.0.1"
    pug-runtime "^2.0.5"
    pug-strip-comments "^1.0.4"

qs@^6.4.0:
  version "6.5.1"
  resolved "https://registry.npmjs.org/qs/-/qs-6.5.1.tgz"
  integrity sha512-eRzhrN1WSINYCDCbrz796z37LOe3m5tmW7RQf6oBntukAG1nmovJvhnwHHRMAfeoItc1m2Hk02WER2aQ/iqs+A==

raw-body@^2.2.0:
  version "2.3.2"
  resolved "https://registry.npmjs.org/raw-body/-/raw-body-2.3.2.tgz"
  integrity sha1-vNYMd9Prk83gBQKVw/N5OJvIj4k=
  dependencies:
    bytes "3.0.0"
    http-errors "1.6.2"
    iconv-lite "0.4.19"
    unpipe "1.0.0"

regenerator-runtime@^0.11.0:
  version "0.11.1"
  resolved "https://registry.npmjs.org/regenerator-runtime/-/regenerator-runtime-0.11.1.tgz"
  integrity sha512-MguG95oij0fC3QV3URf4V2SDYGJhJnJGqvIIgdECeODCT98wSWDAJ94SSuVpYQUoTcGUIL6L4yNB7j1DFFHSBg==

repeat-string@^1.5.2:
  version "1.6.1"
  resolved "https://registry.npmjs.org/repeat-string/-/repeat-string-1.6.1.tgz"
  integrity sha512-PV0dzCYDNfRi1jCDbJzpW7jNNDRuCOG/jI5ctQcGKt/clZD+YcPS3yIlWuTJMmESC8aevCFmWJy5wjAFgNqN6w==

resolve-path@^1.4.0:
  version "1.4.0"
  resolved "https://registry.npmjs.org/resolve-path/-/resolve-path-1.4.0.tgz"
  integrity sha1-xL2p9e+y/OZSR4c6s2u02DT+Fvc=
  dependencies:
    http-errors "~1.6.2"
    path-is-absolute "1.0.1"

resolve@^1.1.6:
  version "1.22.2"
  resolved "https://registry.npmjs.org/resolve/-/resolve-1.22.2.tgz"
  integrity sha512-Sb+mjNHOULsBv818T40qSPeRiuWLyaGMa5ewydRLFimneixmVy2zdivRl+AF6jaYPC8ERxGDmFSiqui6SfPd+g==
  dependencies:
    is-core-module "^2.11.0"
    path-parse "^1.0.7"
    supports-preserve-symlinks-flag "^1.0.0"

right-align@^0.1.1:
  version "0.1.3"
  resolved "https://registry.npmjs.org/right-align/-/right-align-0.1.3.tgz"
  integrity sha512-yqINtL/G7vs2v+dFIZmFUDbnVyFUJFKd6gK22Kgo6R4jfJGFtisKyncWDDULgjfqf4ASQuIQyjJ7XZ+3aWpsAg==
  dependencies:
    align-text "^0.1.1"

semver@^5.1.0:
  version "5.5.0"
  resolved "https://registry.npmjs.org/semver/-/semver-5.5.0.tgz"
  integrity sha512-4SJ3dm0WAwWy/NVeioZh5AntkdJoWKxHxcmyP622fOkgHa4z3R0TdBJICINyaSDE6uNwVc8gZr+ZinwZAH4xIA==

setprototypeof@1.0.3:
  version "1.0.3"
  resolved "https://registry.npmjs.org/setprototypeof/-/setprototypeof-1.0.3.tgz"
  integrity sha1-ZlZ+NwQ+608E2RvWWMDL77VbjgQ=

setprototypeof@1.1.0:
  version "1.1.0"
  resolved "https://registry.npmjs.org/setprototypeof/-/setprototypeof-1.1.0.tgz"
  integrity sha512-BvE/TwpZX4FXExxOxZyRGQQv651MSwmWKZGqvmPcRIjDqWub67kTKuIMx43cZZrS/cBBzwBcNDWoFxt2XEFIpQ==

sigmund@^1.0.1:
  version "1.0.1"
  resolved "https://registry.npmjs.org/sigmund/-/sigmund-1.0.1.tgz"
  integrity sha1-P/IfGYytIXX587eBhT/ZTQ0ZtZA=

source-map@~0.5.1:
  version "0.5.7"
  resolved "https://registry.npmjs.org/source-map/-/source-map-0.5.7.tgz"
  integrity sha512-LbrmJOMUSdEVxIKvdcJzQC+nQhe8FUZQTXQy6+I75skNgn3OoQ0DZA8YnFa7gp8tqtL3KPf1kmo0R5DoApeSGQ==

source-map@~0.6.0:
  version "0.6.1"
  resolved "https://registry.npmjs.org/source-map/-/source-map-0.6.1.tgz"
  integrity sha512-UjgapumWlbMhkBgzT7Ykc5YXUT46F0iKu8SGXq0bcwP5dz/h0Plj6enJqjz1Zbq2l5WaqYnrVbwWOWMyF3F47g==

statuses@^1.2.0, "statuses@>= 1.3.1 < 2", "statuses@>= 1.4.0 < 2":
  version "1.5.0"
  resolved "https://registry.npmjs.org/statuses/-/statuses-1.5.0.tgz"
  integrity sha1-Fhx9rBd2Wf2YEfQ3cfqZOBR4Yow=

supports-preserve-symlinks-flag@^1.0.0:
  version "1.0.0"
  resolved "https://registry.npmjs.org/supports-preserve-symlinks-flag/-/supports-preserve-symlinks-flag-1.0.0.tgz"
  integrity sha512-ot0WnXS9fgdkgIcePe6RHNk1WA8+muPa6cSjeR3V8K27q9BB1rTE3R1p7Hv0z1ZyAc8s6Vvv8DIyWf681MAt0w==

thenify-all@^1.0.0:
  version "1.6.0"
  resolved "https://registry.npmjs.org/thenify-all/-/thenify-all-1.6.0.tgz"
  integrity sha1-GhkY1ALY/D+Y+/I02wvMjMEOlyY=
  dependencies:
    thenify ">= 3.1.0 < 4"

"thenify@>= 3.1.0 < 4":
  version "3.3.0"
  resolved "https://registry.npmjs.org/thenify/-/thenify-3.3.0.tgz"
  integrity sha1-5p44obq+lpsBCCB5eLn2K4hgSDk=
  dependencies:
    any-promise "^1.0.0"

to-fast-properties@^1.0.3:
  version "1.0.3"
  resolved "https://registry.npmjs.org/to-fast-properties/-/to-fast-properties-1.0.3.tgz"
  integrity sha512-lxrWP8ejsq+7E3nNjwYmUBMAgjMTZoTI+sdBOpvNyijeDLa29LUn9QaoXAHv4+Z578hbmHHJKZknzxVtvo77og==

token-stream@0.0.1:
  version "0.0.1"
  resolved "https://registry.npmjs.org/token-stream/-/token-stream-0.0.1.tgz"
  integrity sha512-nfjOAu/zAWmX9tgwi5NRp7O7zTDUD1miHiB40klUnAh9qnL1iXdgzcz/i5dMaL5jahcBAaSfmNOBBJBLJW8TEg==

type-is@^1.5.5, type-is@^1.6.14:
  version "1.6.16"
  resolved "https://registry.npmjs.org/type-is/-/type-is-1.6.16.tgz"
  integrity sha512-HRkVv/5qY2G6I8iab9cI7v1bOIdhm94dVjQCPFElW9W+3GeDOSHmy2EBYe4VTApuzolPcmgFTN3ftVJRKR2J9Q==
  dependencies:
    media-typer "0.3.0"
    mime-types "~2.1.18"

uglify-js@^2.6.1:
  version "2.8.29"
  resolved "https://registry.npmjs.org/uglify-js/-/uglify-js-2.8.29.tgz"
  integrity sha512-qLq/4y2pjcU3vhlhseXGGJ7VbFO4pBANu0kwl8VCa9KEI0V8VfZIx2Fy3w01iSTA/pGwKZSmu/+I4etLNDdt5w==
  dependencies:
    source-map "~0.5.1"
    yargs "~3.10.0"
  optionalDependencies:
    uglify-to-browserify "~1.0.0"

uglify-to-browserify@~1.0.0:
  version "1.0.2"
  resolved "https://registry.npmjs.org/uglify-to-browserify/-/uglify-to-browserify-1.0.2.tgz"
  integrity sha512-vb2s1lYx2xBtUgy+ta+b2J/GLVUR+wmpINwHePmPRhOsIVCG2wDzKJ0n14GslH1BifsqVzSOwQhRaCAsZ/nI4Q==

universalify@^0.1.0:
  version "0.1.1"
  resolved "https://registry.npmjs.org/universalify/-/universalify-0.1.1.tgz"
  integrity sha1-+nG63UQ3r0wUiEHjs7Fl+enlkLc=

unpipe@1.0.0:
  version "1.0.0"
  resolved "https://registry.npmjs.org/unpipe/-/unpipe-1.0.0.tgz"
  integrity sha1-sr9O6FFKrmFltIF4KdIbLvSZBOw=

urijs@^1.19.0:
  version "1.19.1"
  resolved "https://registry.npmjs.org/urijs/-/urijs-1.19.1.tgz"
  integrity sha512-xVrGVi94ueCJNrBSTjWqjvtgvl3cyOTThp2zaMaFNGp3F542TR6sM3f2o8RqZl+AwteClSVmoCyt0ka4RjQOQg==

vary@^1.0.0:
  version "1.1.2"
  resolved "https://registry.npmjs.org/vary/-/vary-1.1.2.tgz"
  integrity sha1-IpnwLG3tMNSllhsLn3RSShj2NPw=

void-elements@^2.0.1:
  version "2.0.1"
  resolved "https://registry.npmjs.org/void-elements/-/void-elements-2.0.1.tgz"
  integrity sha512-qZKX4RnBzH2ugr8Lxa7x+0V6XD9Sb/ouARtiasEQCHB1EVU4NXtmHsDDrx1dO4ne5fc3J6EW05BP1Dl0z0iung==

window-size@0.1.0:
  version "0.1.0"
  resolved "https://registry.npmjs.org/window-size/-/window-size-0.1.0.tgz"
  integrity sha512-1pTPQDKTdd61ozlKGNCjhNRd+KPmgLSGa3mZTHoOliaGcESD8G1PXhh7c1fgiPjVbNVfgy2Faw4BI8/m0cC8Mg==

with@^5.0.0:
  version "5.1.1"
  resolved "https://registry.npmjs.org/with/-/with-5.1.1.tgz"
  integrity sha512-uAnSsFGfSpF6DNhBXStvlZILfHJfJu4eUkfbRGk94kGO1Ta7bg6FwfvoOhhyHAJuFbCw+0xk4uJ3u57jLvlCJg==
  dependencies:
    acorn "^3.1.0"
    acorn-globals "^3.0.0"

wordwrap@0.0.2:
  version "0.0.2"
  resolved "https://registry.npmjs.org/wordwrap/-/wordwrap-0.0.2.tgz"
  integrity sha512-xSBsCeh+g+dinoBv3GAOWM4LcVVO68wLXRanibtBSdUvkGWQRGeE9P7IwU9EmDDi4jA6L44lz15CGMwdw9N5+Q==

yargs@~3.10.0:
  version "3.10.0"
  resolved "https://registry.npmjs.org/yargs/-/yargs-3.10.0.tgz"
  integrity sha512-QFzUah88GAGy9lyDKGBqZdkYApt63rCXYBGYnEP4xDJPXNqXXnBDACnbrXnViV6jRSqAePwrATi2i8mfYm4L1A==
  dependencies:
    camelcase "^1.0.2"
    cliui "^2.1.0"
    decamelize "^1.0.0"
    window-size "0.1.0"
